
Microsoft Visual Studio Solution File, Format Version 12.00
# Visual Studio Version 17
VisualStudioVersion = 17.14.36616.10 d17.14
MinimumVisualStudioVersion = 10.0.40219.1
Project("{FAE04EC0-301F-11D3-BF4B-00C04F79EFBC}") = "WinFormsApp15", "WinFormsApp15\WinFormsApp15.csproj", "{E0021EBA-91EE-40CB-8786-39A311001903}"
EndProject
Global
	GlobalSection(SolutionConfigurationPlatforms) = preSolution
		Debug|Any CPU = Debug|Any CPU
		Release|Any CPU = Release|Any CPU
	EndGlobalSection
	GlobalSection(ProjectConfigurationPlatforms) = postSolution
		{E0021EBA-91EE-40CB-8786-39A311001903}.Debug|Any CPU.ActiveCfg = Debug|Any CPU
		{E0021EBA-91EE-40CB-8786-39A311001903}.Debug|Any CPU.Build.0 = Debug|Any CPU
		{E0021EBA-91EE-40CB-8786-39A311001903}.Release|Any CPU.ActiveCfg = Release|Any CPU
		{E0021EBA-91EE-40CB-8786-39A311001903}.Release|Any CPU.Build.0 = Release|Any CPU
	EndGlobalSection
	GlobalSection(SolutionProperties) = preSolution
		HideSolutionNode = FALSE
	EndGlobalSection
	GlobalSection(ExtensibilityGlobals) = postSolution
		SolutionGuid = {BAAAA09D-270C-4012-B986-F300541CD966}
	EndGlobalSection
EndGlobal
