
Microsoft Visual Studio Solution File, Format Version 12.00
# Visual Studio Version 17
VisualStudioVersion = 17.14.36616.10 d17.14
MinimumVisualStudioVersion = 10.0.40219.1
Project("{FAE04EC0-301F-11D3-BF4B-00C04F79EFBC}") = "WinFormsApp14", "WinFormsApp14\WinFormsApp14.csproj", "{C189861F-3C36-4A18-A7AB-836418AC921B}"
EndProject
Global
	GlobalSection(SolutionConfigurationPlatforms) = preSolution
		Debug|Any CPU = Debug|Any CPU
		Release|Any CPU = Release|Any CPU
	EndGlobalSection
	GlobalSection(ProjectConfigurationPlatforms) = postSolution
		{C189861F-3C36-4A18-A7AB-836418AC921B}.Debug|Any CPU.ActiveCfg = Debug|Any CPU
		{C189861F-3C36-4A18-A7AB-836418AC921B}.Debug|Any CPU.Build.0 = Debug|Any CPU
		{C189861F-3C36-4A18-A7AB-836418AC921B}.Release|Any CPU.ActiveCfg = Release|Any CPU
		{C189861F-3C36-4A18-A7AB-836418AC921B}.Release|Any CPU.Build.0 = Release|Any CPU
	EndGlobalSection
	GlobalSection(SolutionProperties) = preSolution
		HideSolutionNode = FALSE
	EndGlobalSection
	GlobalSection(ExtensibilityGlobals) = postSolution
		SolutionGuid = {710D4324-505E-48B8-9667-42E556ECE160}
	EndGlobalSection
EndGlobal
